
Microsoft Visual Studio Solution File, Format Version 12.00
# Visual Studio 15
VisualStudioVersion = 15.0.27703.2042
MinimumVisualStudioVersion = 10.0.40219.1
Project("{FAE04EC0-301F-11D3-BF4B-00C04F79EFBC}") = "Eshop", "Eshop\Eshop.csproj", "{CA2C2924-323F-4B26-860E-4DF90BE87910}"
EndProject
Project("{FAE04EC0-301F-11D3-BF4B-00C04F79EFBC}") = "Eshop.Tests", "Eshop.Tests\Eshop.Tests.csproj", "{996CC1D2-3A5B-4BCD-86A3-CEC663E10EA5}"
EndProject
Global
	GlobalSection(SolutionConfigurationPlatforms) = preSolution
		Debug|Any CPU = Debug|Any CPU
		Release|Any CPU = Release|Any CPU
	EndGlobalSection
	GlobalSection(ProjectConfigurationPlatforms) = postSolution
		{CA2C2924-323F-4B26-860E-4DF90BE87910}.Debug|Any CPU.ActiveCfg = Debug|Any CPU
		{CA2C2924-323F-4B26-860E-4DF90BE87910}.Debug|Any CPU.Build.0 = Debug|Any CPU
		{CA2C2924-323F-4B26-860E-4DF90BE87910}.Release|Any CPU.ActiveCfg = Release|Any CPU
		{CA2C2924-323F-4B26-860E-4DF90BE87910}.Release|Any CPU.Build.0 = Release|Any CPU
		{996CC1D2-3A5B-4BCD-86A3-CEC663E10EA5}.Debug|Any CPU.ActiveCfg = Debug|Any CPU
		{996CC1D2-3A5B-4BCD-86A3-CEC663E10EA5}.Debug|Any CPU.Build.0 = Debug|Any CPU
		{996CC1D2-3A5B-4BCD-86A3-CEC663E10EA5}.Release|Any CPU.ActiveCfg = Release|Any CPU
		{996CC1D2-3A5B-4BCD-86A3-CEC663E10EA5}.Release|Any CPU.Build.0 = Release|Any CPU
	EndGlobalSection
	GlobalSection(SolutionProperties) = preSolution
		HideSolutionNode = FALSE
	EndGlobalSection
	GlobalSection(ExtensibilityGlobals) = postSolution
		SolutionGuid = {EE872D84-08A7-4B08-90EE-A0EF139E1CCF}
	EndGlobalSection
EndGlobal
